{
  "version": 1,
  "dependencies": {
    "net10.0-windows7.0": {
      "HueApi": {
        "type": "Direct",
        "requested": "[3.3.0, )",
        "resolved": "3.3.0",
        "contentHash": "gEDZuribcK6QIjN8BVCNq3zs/3qXkQClz7m4C+fcwm4lHg8H0QZZ+BZGGqtqls67D8bUrJ8/aZ9O2mICRvWpgw=="
      },
      "Microsoft.NET.ILLink.Tasks": {
        "type": "Direct",
        "requested": "[10.0.8, )",
        "resolved": "10.0.8",
        "contentHash": "dVbSXGIFNR5nZcv2tOLoWI+a9T4jtFd77IYjuND+QVe360qWgAF7H0WtoopYhRw/+SgpGUTyrkrh+65+ClNnfw=="
      }
    },
    "net10.0-windows7.0/win-x64": {}
  }
}